{
    "_readme": [
        "This file locks the dependencies of your project to a known state",
        "Read more about it at https://getcomposer.org/doc/01-basic-usage.md#composer-lock-the-lock-file",
        "This file is @generated automatically"
    ],
    "hash": "90e74aa787f9462614e494c47c91785e",
    "content-hash": "9f83867d3f55d24b566e1dc0b45ec3f8",
    "packages": [
        {
            "name": "hoa/cli",
            "version": "2.16.09.06",
            "source": {
                "type": "git",
                "url": "https://github.com/hoaproject/Cli.git",
                "reference": "ea1620de18dc051c7af49b439bc270d48e5f8e79"
            },
            "dist": {
                "type": "zip",
                "url": "https://api.github.com/repos/hoaproject/Cli/zipball/ea1620de18dc051c7af49b439bc270d48e5f8e79",
                "reference": "ea1620de18dc051c7af49b439bc270d48e5f8e79",
                "shasum": ""
            },
            "require": {
                "hoa/consistency": "~1.0",
                "hoa/console": "~3.0",
                "hoa/dispatcher": "~1.0",
                "hoa/exception": "~1.0",
                "hoa/protocol": "~1.0",
                "hoa/router": "~3.0"
            },
            "bin": [
                "Bin/hoa"
            ],
            "type": "library",
            "extra": {
                "branch-alias": {
                    "dev-master": "2.x-dev"
                }
            },
            "notification-url": "https://packagist.org/downloads/",
            "license": [
                "BSD-3-Clause"
            ],
            "authors": [
                {
                    "name": "Ivan Enderlin",
                    "email": "ivan.enderlin@hoa-project.net"
                },
                {
                    "name": "Hoa community",
                    "homepage": "http://hoa-project.net/"
                }
            ],
            "description": "The Hoa\\Cli library.",
            "homepage": "http://hoa-project.net/",
            "keywords": [
                "cli",
                "console",
                "hoa",
                "library"
            ],
            "time": "2016-09-06 11:11:13"
        },
        {
            "name": "hoa/compiler",
            "version": "3.16.08.15",
            "source": {
                "type": "git",
                "url": "https://github.com/hoaproject/Compiler.git",
                "reference": "774f04e6ab1580392b35cae7d6f8dda165810c19"
            },
            "dist": {
                "type": "zip",
                "url": "https://api.github.com/repos/hoaproject/Compiler/zipball/774f04e6ab1580392b35cae7d6f8dda165810c19",
                "reference": "774f04e6ab1580392b35cae7d6f8dda165810c19",
                "shasum": ""
            },
            "require": {
                "hoa/consistency": "~1.0",
                "hoa/exception": "~1.0",
                "hoa/file": "~1.0",
                "hoa/iterator": "~2.0",
                "hoa/math": "~1.0",
                "hoa/protocol": "~1.0",
                "hoa/regex": "~1.0",
                "hoa/visitor": "~2.0"
            },
            "require-dev": {
                "hoa/json": "~2.0",
                "hoa/test": "~2.0"
            },
            "type": "library",
            "extra": {
                "branch-alias": {
                    "dev-master": "3.x-dev"
                }
            },
            "autoload": {
                "psr-4": {
                    "Hoa\\Compiler\\": "."
                }
            },
            "notification-url": "https://packagist.org/downloads/",
            "license": [
                "BSD-3-Clause"
            ],
            "authors": [
                {
                    "name": "Ivan Enderlin",
                    "email": "ivan.enderlin@hoa-project.net"
                },
                {
                    "name": "Hoa community",
                    "homepage": "http://hoa-project.net/"
                }
            ],
            "description": "The Hoa\\Compiler library.",
            "homepage": "http://hoa-project.net/",
            "keywords": [
                "algebraic",
                "ast",
                "compiler",
                "context-free",
                "coverage",
                "exhaustive",
                "grammar",
                "isotropic",
                "language",
                "lexer",
                "library",
                "ll1",
                "llk",
                "parser",
                "pp",
                "random",
                "regular",
                "rule",
                "sampler",
                "syntax",
                "token",
                "trace",
                "uniform"
            ],
            "time": "2016-08-15 09:25:24"
        },
        {
            "name": "hoa/consistency",
            "version": "1.16.03.03",
            "source": {
                "type": "git",
                "url": "https://github.com/hoaproject/Consistency.git",
                "reference": "aa7e30f99aa2ae476f83800d3ad350506eec153b"
            },
            "dist": {
                "type": "zip",
                "url": "https://api.github.com/repos/hoaproject/Consistency/zipball/aa7e30f99aa2ae476f83800d3ad350506eec153b",
                "reference": "aa7e30f99aa2ae476f83800d3ad350506eec153b",
                "shasum": ""
            },
            "require": {
                "hoa/exception": "~1.0",
                "php": ">=5.5.0"
            },
            "require-dev": {
                "hoa/stream": "~1.0",
                "hoa/test": "~2.0"
            },
            "type": "library",
            "extra": {
                "branch-alias": {
                    "dev-master": "1.x-dev"
                }
            },
            "autoload": {
                "psr-4": {
                    "Hoa\\Consistency\\": "."
                },
                "files": [
                    "Prelude.php"
                ]
            },
            "notification-url": "https://packagist.org/downloads/",
            "license": [
                "BSD-3-Clause"
            ],
            "authors": [
                {
                    "name": "Ivan Enderlin",
                    "email": "ivan.enderlin@hoa-project.net"
                },
                {
                    "name": "Hoa community",
                    "homepage": "http://hoa-project.net/"
                }
            ],
            "description": "The Hoa\\Consistency library.",
            "homepage": "http://hoa-project.net/",
            "keywords": [
                "autoloader",
                "callable",
                "consistency",
                "entity",
                "flex",
                "keyword",
                "library"
            ],
            "time": "2016-03-03 09:37:24"
        },
        {
            "name": "hoa/console",
            "version": "3.16.09.06",
            "source": {
                "type": "git",
                "url": "https://github.com/hoaproject/Console.git",
                "reference": "705334c0701e19f13dcdee734c40cac05e11a9ea"
            },
            "dist": {
                "type": "zip",
                "url": "https://api.github.com/repos/hoaproject/Console/zipball/705334c0701e19f13dcdee734c40cac05e11a9ea",
                "reference": "705334c0701e19f13dcdee734c40cac05e11a9ea",
                "shasum": ""
            },
            "require": {
                "hoa/consistency": "~1.0",
                "hoa/event": "~1.0",
                "hoa/exception": "~1.0",
                "hoa/file": "~1.0",
                "hoa/protocol": "~1.0",
                "hoa/stream": "~1.0",
                "hoa/ustring": "~4.0"
            },
            "require-dev": {
                "hoa/test": "~2.0"
            },
            "suggest": {
                "ext-pcntl": "To enable hoa://Event/Console/Window:resize.",
                "hoa/dispatcher": "To use the console kit.",
                "hoa/router": "To use the console kit."
            },
            "type": "library",
            "extra": {
                "branch-alias": {
                    "dev-master": "3.x-dev"
                }
            },
            "autoload": {
                "psr-4": {
                    "Hoa\\Console\\": "."
                }
            },
            "notification-url": "https://packagist.org/downloads/",
            "license": [
                "BSD-3-Clause"
            ],
            "authors": [
                {
                    "name": "Ivan Enderlin",
                    "email": "ivan.enderlin@hoa-project.net"
                },
                {
                    "name": "Hoa community",
                    "homepage": "http://hoa-project.net/"
                }
            ],
            "description": "The Hoa\\Console library.",
            "homepage": "http://hoa-project.net/",
            "keywords": [
                "autocompletion",
                "chrome",
                "cli",
                "console",
                "cursor",
                "getoption",
                "library",
                "option",
                "parser",
                "processus",
                "readline",
                "terminfo",
                "tput",
                "window"
            ],
            "time": "2016-09-06 11:16:03"
        },
        {
            "name": "hoa/dispatcher",
            "version": "1.16.01.15",
            "source": {
                "type": "git",
                "url": "https://github.com/hoaproject/Dispatcher.git",
                "reference": "a0ea27587a0a12ddcee6a00fac5ebc158a2186c3"
            },
            "dist": {
                "type": "zip",
                "url": "https://api.github.com/repos/hoaproject/Dispatcher/zipball/a0ea27587a0a12ddcee6a00fac5ebc158a2186c3",
                "reference": "a0ea27587a0a12ddcee6a00fac5ebc158a2186c3",
                "shasum": ""
            },
            "require": {
                "hoa/consistency": "~1.0",
                "hoa/exception": "~1.0",
                "hoa/zformat": "~1.0"
            },
            "require-dev": {
                "hoa/router": "~3.0",
                "hoa/test": "~2.0",
                "hoa/view": "~3.0"
            },
            "suggest": {
                "hoa/router": "Provide routers.",
                "hoa/view": "Provide view interface."
            },
            "type": "library",
            "extra": {
                "branch-alias": {
                    "dev-master": "1.x-dev"
                }
            },
            "autoload": {
                "psr-4": {
                    "Hoa\\Dispatcher\\": "."
                }
            },
            "notification-url": "https://packagist.org/downloads/",
            "license": [
                "BSD-3-Clause"
            ],
            "authors": [
                {
                    "name": "Ivan Enderlin",
                    "email": "ivan.enderlin@hoa-project.net"
                },
                {
                    "name": "Hoa community",
                    "homepage": "http://hoa-project.net/"
                }
            ],
            "description": "The Hoa\\Dispatcher library.",
            "homepage": "http://hoa-project.net/",
            "keywords": [
                "dispatcher",
                "kit",
                "library"
            ],
            "time": "2016-01-14 20:52:21"
        },
        {
            "name": "hoa/event",
            "version": "1.16.03.15",
            "source": {
                "type": "git",
                "url": "https://github.com/hoaproject/Event.git",
                "reference": "b1577069d63d6efc559406f3bc31813ac33e76b8"
            },
            "dist": {
                "type": "zip",
                "url": "https://api.github.com/repos/hoaproject/Event/zipball/b1577069d63d6efc559406f3bc31813ac33e76b8",
                "reference": "b1577069d63d6efc559406f3bc31813ac33e76b8",
                "shasum": ""
            },
            "require": {
                "hoa/consistency": "~1.0",
                "hoa/exception": "~1.0"
            },
            "require-dev": {
                "hoa/test": "~2.0"
            },
            "type": "library",
            "extra": {
                "branch-alias": {
                    "dev-master": "1.x-dev"
                }
            },
            "autoload": {
                "psr-4": {
                    "Hoa\\Event\\": "."
                }
            },
            "notification-url": "https://packagist.org/downloads/",
            "license": [
                "BSD-3-Clause"
            ],
            "authors": [
                {
                    "name": "Ivan Enderlin",
                    "email": "ivan.enderlin@hoa-project.net"
                },
                {
                    "name": "Hoa community",
                    "homepage": "http://hoa-project.net/"
                }
            ],
            "description": "The Hoa\\Event library.",
            "homepage": "http://hoa-project.net/",
            "keywords": [
                "event",
                "library",
                "listener",
                "observer"
            ],
            "time": "2016-03-15 14:49:59"
        },
        {
            "name": "hoa/exception",
            "version": "1.16.01.11",
            "source": {
                "type": "git",
                "url": "https://github.com/hoaproject/Exception.git",
                "reference": "fa4a9648aef2c8ca8f4cd543429b24dc8feaa366"
            },
            "dist": {
                "type": "zip",
                "url": "https://api.github.com/repos/hoaproject/Exception/zipball/fa4a9648aef2c8ca8f4cd543429b24dc8feaa366",
                "reference": "fa4a9648aef2c8ca8f4cd543429b24dc8feaa366",
                "shasum": ""
            },
            "require": {
                "hoa/consistency": "~1.0",
                "hoa/event": "~1.0"
            },
            "require-dev": {
                "hoa/test": "~2.0"
            },
            "type": "library",
            "extra": {
                "branch-alias": {
                    "dev-master": "1.x-dev"
                }
            },
            "autoload": {
                "psr-4": {
                    "Hoa\\Exception\\": "."
                }
            },
            "notification-url": "https://packagist.org/downloads/",
            "license": [
                "BSD-3-Clause"
            ],
            "authors": [
                {
                    "name": "Ivan Enderlin",
                    "email": "ivan.enderlin@hoa-project.net"
                },
                {
                    "name": "Hoa community",
                    "homepage": "http://hoa-project.net/"
                }
            ],
            "description": "The Hoa\\Exception library.",
            "homepage": "http://hoa-project.net/",
            "keywords": [
                "exception",
                "library"
            ],
            "time": "2016-01-11 08:38:17"
        },
        {
            "name": "hoa/file",
            "version": "1.16.01.15",
            "source": {
                "type": "git",
                "url": "https://github.com/hoaproject/File.git",
                "reference": "bc04ddb476bfeee03c2be585fc37a98d2887277b"
            },
            "dist": {
                "type": "zip",
                "url": "https://api.github.com/repos/hoaproject/File/zipball/bc04ddb476bfeee03c2be585fc37a98d2887277b",
                "reference": "bc04ddb476bfeee03c2be585fc37a98d2887277b",
                "shasum": ""
            },
            "require": {
                "hoa/consistency": "~1.0",
                "hoa/event": "~1.0",
                "hoa/exception": "~1.0",
                "hoa/iterator": "~2.0",
                "hoa/stream": "~1.0"
            },
            "require-dev": {
                "hoa/test": "~2.0"
            },
            "type": "library",
            "extra": {
                "branch-alias": {
                    "dev-master": "1.x-dev"
                }
            },
            "autoload": {
                "psr-4": {
                    "Hoa\\File\\": "."
                }
            },
            "notification-url": "https://packagist.org/downloads/",
            "license": [
                "BSD-3-Clause"
            ],
            "authors": [
                {
                    "name": "Ivan Enderlin",
                    "email": "ivan.enderlin@hoa-project.net"
                },
                {
                    "name": "Hoa community",
                    "homepage": "http://hoa-project.net/"
                }
            ],
            "description": "The Hoa\\File library.",
            "homepage": "http://hoa-project.net/",
            "keywords": [
                "Socket",
                "directory",
                "file",
                "finder",
                "library",
                "link",
                "temporary"
            ],
            "time": "2016-01-14 20:55:07"
        },
        {
            "name": "hoa/iterator",
            "version": "2.16.03.15",
            "source": {
                "type": "git",
                "url": "https://github.com/hoaproject/Iterator.git",
                "reference": "60bdefab8db17717871a11101dedec60572f95b8"
            },
            "dist": {
                "type": "zip",
                "url": "https://api.github.com/repos/hoaproject/Iterator/zipball/60bdefab8db17717871a11101dedec60572f95b8",
                "reference": "60bdefab8db17717871a11101dedec60572f95b8",
                "shasum": ""
            },
            "require": {
                "hoa/consistency": "~1.0",
                "hoa/exception": "~1.0"
            },
            "require-dev": {
                "hoa/test": "~2.0"
            },
            "type": "library",
            "extra": {
                "branch-alias": {
                    "dev-master": "2.x-dev"
                }
            },
            "autoload": {
                "psr-4": {
                    "Hoa\\Iterator\\": "."
                }
            },
            "notification-url": "https://packagist.org/downloads/",
            "license": [
                "BSD-3-Clause"
            ],
            "authors": [
                {
                    "name": "Ivan Enderlin",
                    "email": "ivan.enderlin@hoa-project.net"
                },
                {
                    "name": "Hoa community",
                    "homepage": "http://hoa-project.net/"
                }
            ],
            "description": "The Hoa\\Iterator library.",
            "homepage": "http://hoa-project.net/",
            "keywords": [
                "iterator",
                "library"
            ],
            "time": "2016-03-15 14:51:54"
        },
        {
            "name": "hoa/math",
            "version": "1.16.08.29",
            "source": {
                "type": "git",
                "url": "https://github.com/hoaproject/Math.git",
                "reference": "8be67cc378b043ccdd5896a3f1bb276af032f258"
            },
            "dist": {
                "type": "zip",
                "url": "https://api.github.com/repos/hoaproject/Math/zipball/8be67cc378b043ccdd5896a3f1bb276af032f258",
                "reference": "8be67cc378b043ccdd5896a3f1bb276af032f258",
                "shasum": ""
            },
            "require": {
                "hoa/compiler": "~3.0",
                "hoa/consistency": "~1.0",
                "hoa/exception": "~1.0",
                "hoa/iterator": "~2.0",
                "hoa/protocol": "~1.0",
                "hoa/zformat": "~1.0"
            },
            "require-dev": {
                "hoa/test": "~2.0"
            },
            "type": "library",
            "extra": {
                "branch-alias": {
                    "dev-master": "1.x-dev"
                }
            },
            "autoload": {
                "psr-4": {
                    "Hoa\\Math\\": "."
                }
            },
            "notification-url": "https://packagist.org/downloads/",
            "license": [
                "BSD-3-Clause"
            ],
            "authors": [
                {
                    "name": "Ivan Enderlin",
                    "email": "ivan.enderlin@hoa-project.net"
                },
                {
                    "name": "Hoa community",
                    "homepage": "http://hoa-project.net/"
                }
            ],
            "description": "The Hoa\\Math library.",
            "homepage": "http://hoa-project.net/",
            "keywords": [
                "arrangement",
                "combination",
                "combinatorics",
                "counting",
                "library",
                "math",
                "permutation",
                "sampler",
                "set"
            ],
            "time": "2016-08-29 13:29:51"
        },
        {
            "name": "hoa/protocol",
            "version": "1.16.07.07",
            "source": {
                "type": "git",
                "url": "https://github.com/hoaproject/Protocol.git",
                "reference": "28fc998fac9c7364338ec98177fef353e76e4efb"
            },
            "dist": {
                "type": "zip",
                "url": "https://api.github.com/repos/hoaproject/Protocol/zipball/28fc998fac9c7364338ec98177fef353e76e4efb",
                "reference": "28fc998fac9c7364338ec98177fef353e76e4efb",
                "shasum": ""
            },
            "require": {
                "hoa/consistency": "~1.0",
                "hoa/exception": "~1.0"
            },
            "require-dev": {
                "hoa/test": "~2.0"
            },
            "type": "library",
            "extra": {
                "branch-alias": {
                    "dev-master": "1.x-dev"
                }
            },
            "autoload": {
                "psr-4": {
                    "Hoa\\Protocol\\": "."
                },
                "files": [
                    "Wrapper.php"
                ]
            },
            "notification-url": "https://packagist.org/downloads/",
            "license": [
                "BSD-3-Clause"
            ],
            "authors": [
                {
                    "name": "Ivan Enderlin",
                    "email": "ivan.enderlin@hoa-project.net"
                },
                {
                    "name": "Hoa community",
                    "homepage": "http://hoa-project.net/"
                }
            ],
            "description": "The Hoa\\Protocol library.",
            "homepage": "http://hoa-project.net/",
            "keywords": [
                "library",
                "protocol",
                "resource",
                "stream",
                "wrapper"
            ],
            "time": "2016-07-07 21:03:43"
        },
        {
            "name": "hoa/regex",
            "version": "1.16.09.06",
            "source": {
                "type": "git",
                "url": "https://github.com/hoaproject/Regex.git",
                "reference": "2a787a49cc53a9ea009a1997085da9aff091e918"
            },
            "dist": {
                "type": "zip",
                "url": "https://api.github.com/repos/hoaproject/Regex/zipball/2a787a49cc53a9ea009a1997085da9aff091e918",
                "reference": "2a787a49cc53a9ea009a1997085da9aff091e918",
                "shasum": ""
            },
            "require": {
                "hoa/consistency": "~1.0",
                "hoa/exception": "~1.0",
                "hoa/math": "~1.0",
                "hoa/protocol": "~1.0",
                "hoa/ustring": "~4.0",
                "hoa/visitor": "~2.0"
            },
            "type": "library",
            "extra": {
                "branch-alias": {
                    "dev-master": "1.x-dev"
                }
            },
            "autoload": {
                "psr-4": {
                    "Hoa\\Regex\\": "."
                }
            },
            "notification-url": "https://packagist.org/downloads/",
            "license": [
                "BSD-3-Clause"
            ],
            "authors": [
                {
                    "name": "Ivan Enderlin",
                    "email": "ivan.enderlin@hoa-project.net"
                },
                {
                    "name": "Hoa community",
                    "homepage": "http://hoa-project.net/"
                }
            ],
            "description": "The Hoa\\Regex library.",
            "homepage": "http://hoa-project.net/",
            "keywords": [
                "compiler",
                "library",
                "regex"
            ],
            "time": "2016-09-06 11:08:23"
        },
        {
            "name": "hoa/router",
            "version": "3.16.01.14",
            "source": {
                "type": "git",
                "url": "https://github.com/hoaproject/Router.git",
                "reference": "ecbd82ce37882701c36f85712b8e6129cea1a6ef"
            },
            "dist": {
                "type": "zip",
                "url": "https://api.github.com/repos/hoaproject/Router/zipball/ecbd82ce37882701c36f85712b8e6129cea1a6ef",
                "reference": "ecbd82ce37882701c36f85712b8e6129cea1a6ef",
                "shasum": ""
            },
            "require": {
                "hoa/consistency": "~1.0",
                "hoa/exception": "~1.0",
                "hoa/zformat": "~1.0"
            },
            "type": "library",
            "extra": {
                "branch-alias": {
                    "dev-master": "3.x-dev"
                }
            },
            "autoload": {
                "psr-4": {
                    "Hoa\\Router\\": "."
                }
            },
            "notification-url": "https://packagist.org/downloads/",
            "license": [
                "BSD-3-Clause"
            ],
            "authors": [
                {
                    "name": "Ivan Enderlin",
                    "email": "ivan.enderlin@hoa-project.net"
                },
                {
                    "name": "Hoa community",
                    "homepage": "http://hoa-project.net/"
                }
            ],
            "description": "The Hoa\\Router library.",
            "homepage": "http://hoa-project.net/",
            "keywords": [
                "cli",
                "http",
                "library",
                "router"
            ],
            "time": "2016-01-14 21:11:16"
        },
        {
            "name": "hoa/stream",
            "version": "1.16.09.06",
            "source": {
                "type": "git",
                "url": "https://github.com/hoaproject/Stream.git",
                "reference": "f8dec80b6ff3b7898a5604d304ecb73f53d04901"
            },
            "dist": {
                "type": "zip",
                "url": "https://api.github.com/repos/hoaproject/Stream/zipball/f8dec80b6ff3b7898a5604d304ecb73f53d04901",
                "reference": "f8dec80b6ff3b7898a5604d304ecb73f53d04901",
                "shasum": ""
            },
            "require": {
                "hoa/consistency": "~1.0",
                "hoa/event": "~1.0",
                "hoa/exception": "~1.0",
                "hoa/protocol": "~1.0"
            },
            "type": "library",
            "extra": {
                "branch-alias": {
                    "dev-master": "1.x-dev"
                }
            },
            "autoload": {
                "psr-4": {
                    "Hoa\\Stream\\": "."
                }
            },
            "notification-url": "https://packagist.org/downloads/",
            "license": [
                "BSD-3-Clause"
            ],
            "authors": [
                {
                    "name": "Ivan Enderlin",
                    "email": "ivan.enderlin@hoa-project.net"
                },
                {
                    "name": "Hoa community",
                    "homepage": "http://hoa-project.net/"
                }
            ],
            "description": "The Hoa\\Stream library.",
            "homepage": "http://hoa-project.net/",
            "keywords": [
                "Context",
                "bucket",
                "composite",
                "filter",
                "in",
                "library",
                "out",
                "protocol",
                "stream",
                "wrapper"
            ],
            "time": "2016-09-06 11:14:23"
        },
        {
            "name": "hoa/ustring",
            "version": "4.16.01.11",
            "source": {
                "type": "git",
                "url": "https://github.com/hoaproject/Ustring.git",
                "reference": "9f76b9aae5901b4f476ef854e29ccd746d6899d2"
            },
            "dist": {
                "type": "zip",
                "url": "https://api.github.com/repos/hoaproject/Ustring/zipball/9f76b9aae5901b4f476ef854e29ccd746d6899d2",
                "reference": "9f76b9aae5901b4f476ef854e29ccd746d6899d2",
                "shasum": ""
            },
            "require": {
                "hoa/consistency": "~1.0",
                "hoa/exception": "~1.0"
            },
            "require-dev": {
                "hoa/test": "~2.0"
            },
            "suggest": {
                "ext-iconv": "ext/iconv must be present (or a third implementation) to use Hoa\\Ustring::transcode().",
                "ext-intl": "To get a better Hoa\\Ustring::toAscii() and Hoa\\Ustring::compareTo()."
            },
            "type": "library",
            "extra": {
                "branch-alias": {
                    "dev-master": "4.x-dev"
                }
            },
            "autoload": {
                "psr-4": {
                    "Hoa\\Ustring\\": "."
                }
            },
            "notification-url": "https://packagist.org/downloads/",
            "license": [
                "BSD-3-Clause"
            ],
            "authors": [
                {
                    "name": "Ivan Enderlin",
                    "email": "ivan.enderlin@hoa-project.net"
                },
                {
                    "name": "Hoa community",
                    "homepage": "http://hoa-project.net/"
                }
            ],
            "description": "The Hoa\\Ustring library.",
            "homepage": "http://hoa-project.net/",
            "keywords": [
                "library",
                "search",
                "string",
                "unicode"
            ],
            "time": "2016-01-11 09:51:34"
        },
        {
            "name": "hoa/visitor",
            "version": "2.16.01.11",
            "source": {
                "type": "git",
                "url": "https://github.com/hoaproject/Visitor.git",
                "reference": "cb21074b7eb89c3ac9f76d25c72671d579735ca9"
            },
            "dist": {
                "type": "zip",
                "url": "https://api.github.com/repos/hoaproject/Visitor/zipball/cb21074b7eb89c3ac9f76d25c72671d579735ca9",
                "reference": "cb21074b7eb89c3ac9f76d25c72671d579735ca9",
                "shasum": ""
            },
            "require": {
                "hoa/consistency": "~1.0"
            },
            "require-dev": {
                "hoa/test": "~2.0"
            },
            "type": "library",
            "extra": {
                "branch-alias": {
                    "dev-master": "2.x-dev"
                }
            },
            "autoload": {
                "psr-4": {
                    "Hoa\\Visitor\\": "."
                }
            },
            "notification-url": "https://packagist.org/downloads/",
            "license": [
                "BSD-3-Clause"
            ],
            "authors": [
                {
                    "name": "Ivan Enderlin",
                    "email": "ivan.enderlin@hoa-project.net"
                },
                {
                    "name": "Hoa community",
                    "homepage": "http://hoa-project.net/"
                }
            ],
            "description": "The Hoa\\Visitor library.",
            "homepage": "http://hoa-project.net/",
            "keywords": [
                "library",
                "structure",
                "visit",
                "visitor"
            ],
            "time": "2016-01-11 09:54:01"
        },
        {
            "name": "hoa/zformat",
            "version": "1.16.03.15",
            "source": {
                "type": "git",
                "url": "https://github.com/hoaproject/Zformat.git",
                "reference": "d261637aa6f4485d697ebcb898a379f7a34b4e34"
            },
            "dist": {
                "type": "zip",
                "url": "https://api.github.com/repos/hoaproject/Zformat/zipball/d261637aa6f4485d697ebcb898a379f7a34b4e34",
                "reference": "d261637aa6f4485d697ebcb898a379f7a34b4e34",
                "shasum": ""
            },
            "require": {
                "hoa/consistency": "~1.0",
                "hoa/exception": "~1.0"
            },
            "type": "library",
            "extra": {
                "branch-alias": {
                    "dev-master": "1.x-dev"
                }
            },
            "autoload": {
                "psr-4": {
                    "Hoa\\Zformat\\": "."
                }
            },
            "notification-url": "https://packagist.org/downloads/",
            "license": [
                "BSD-3-Clause"
            ],
            "authors": [
                {
                    "name": "Ivan Enderlin",
                    "email": "ivan.enderlin@hoa-project.net"
                },
                {
                    "name": "Hoa community",
                    "homepage": "http://hoa-project.net/"
                }
            ],
            "description": "The Hoa\\Zformat library.",
            "homepage": "http://hoa-project.net/",
            "keywords": [
                "library",
                "parameter",
                "zformat"
            ],
            "time": "2016-03-15 14:55:30"
        },
        {
            "name": "zendframework/zend-code",
            "version": "3.1.0",
            "source": {
                "type": "git",
                "url": "https://github.com/zendframework/zend-code.git",
                "reference": "2899c17f83a7207f2d7f53ec2f421204d3beea27"
            },
            "dist": {
                "type": "zip",
                "url": "https://api.github.com/repos/zendframework/zend-code/zipball/2899c17f83a7207f2d7f53ec2f421204d3beea27",
                "reference": "2899c17f83a7207f2d7f53ec2f421204d3beea27",
                "shasum": ""
            },
            "require": {
                "php": "^5.6 || 7.0.0 - 7.0.4 || ^7.0.6",
                "zendframework/zend-eventmanager": "^2.6 || ^3.0"
            },
            "require-dev": {
                "doctrine/annotations": "~1.0",
                "ext-phar": "*",
                "phpunit/phpunit": "^4.8.21",
                "squizlabs/php_codesniffer": "^2.5",
                "zendframework/zend-stdlib": "^2.7 || ^3.0"
            },
            "suggest": {
                "doctrine/annotations": "Doctrine\\Common\\Annotations >=1.0 for annotation features",
                "zendframework/zend-stdlib": "Zend\\Stdlib component"
            },
            "type": "library",
            "extra": {
                "branch-alias": {
                    "dev-master": "3.1-dev",
                    "dev-develop": "3.2-dev"
                }
            },
            "autoload": {
                "psr-4": {
                    "Zend\\Code\\": "src/"
                }
            },
            "notification-url": "https://packagist.org/downloads/",
            "license": [
                "BSD-3-Clause"
            ],
            "description": "provides facilities to generate arbitrary code using an object oriented interface",
            "homepage": "https://github.com/zendframework/zend-code",
            "keywords": [
                "code",
                "zf2"
            ],
            "time": "2016-10-24 13:23:32"
        },
        {
            "name": "zendframework/zend-eventmanager",
            "version": "3.0.1",
            "source": {
                "type": "git",
                "url": "https://github.com/zendframework/zend-eventmanager.git",
                "reference": "5c80bdee0e952be112dcec0968bad770082c3a6e"
            },
            "dist": {
                "type": "zip",
                "url": "https://api.github.com/repos/zendframework/zend-eventmanager/zipball/5c80bdee0e952be112dcec0968bad770082c3a6e",
                "reference": "5c80bdee0e952be112dcec0968bad770082c3a6e",
                "shasum": ""
            },
            "require": {
                "php": "^5.5 || ^7.0"
            },
            "require-dev": {
                "athletic/athletic": "^0.1",
                "container-interop/container-interop": "^1.1.0",
                "phpunit/phpunit": "~4.0",
                "squizlabs/php_codesniffer": "^2.0",
                "zendframework/zend-stdlib": "^2.7.3 || ^3.0"
            },
            "suggest": {
                "container-interop/container-interop": "^1.1.0, to use the lazy listeners feature",
                "zendframework/zend-stdlib": "^2.7.3 || ^3.0, to use the FilterChain feature"
            },
            "type": "library",
            "extra": {
                "branch-alias": {
                    "dev-master": "3.0-dev",
                    "dev-develop": "3.1-dev"
                }
            },
            "autoload": {
                "psr-4": {
                    "Zend\\EventManager\\": "src/"
                }
            },
            "notification-url": "https://packagist.org/downloads/",
            "license": [
                "BSD-3-Clause"
            ],
            "description": "Trigger and listen to events within a PHP application",
            "homepage": "https://github.com/zendframework/zend-eventmanager",
            "keywords": [
                "event",
                "eventmanager",
                "events",
                "zf2"
            ],
            "time": "2016-02-18 20:53:00"
        }
    ],
    "packages-dev": [],
    "aliases": [],
    "minimum-stability": "stable",
    "stability-flags": [],
    "prefer-stable": false,
    "prefer-lowest": false,
    "platform": [],
    "platform-dev": []
}
